// !$*UTF8*$!
{
	archiveVersion = 1;
	classes = {
	};
	objectVersion = 77;
	objects = {

/* Begin PBXBuildFile section */
		07AA9C982D93F14900E05A2B /* GoogleGenerativeAI in Frameworks */ = {isa = PBXBuildFile; productRef = 07AA9C972D93F14900E05A2B /* GoogleGenerativeAI */; };
		07BE4BF22DA4689B00E2748F /* FirebaseAnalytics in Frameworks */ = {isa = PBXBuildFile; productRef = 07BE4BF12DA4689B00E2748F /* FirebaseAnalytics */; };
		07BE4BF42DA4689B00E2748F /* FirebaseAuth in Frameworks */ = {isa = PBXBuildFile; productRef = 07BE4BF32DA4689B00E2748F /* FirebaseAuth */; };
		07BE4BF62DA4689B00E2748F /* FirebaseDatabase in Frameworks */ = {isa = PBXBuildFile; productRef = 07BE4BF52DA4689B00E2748F /* FirebaseDatabase */; };
		07BE4BF82DA4689B00E2748F /* FirebaseFirestore in Frameworks */ = {isa = PBXBuildFile; productRef = 07BE4BF72DA4689B00E2748F /* FirebaseFirestore */; };
		07BE4BFA2DA4689B00E2748F /* FirebaseStorage in Frameworks */ = {isa = PBXBuildFile; productRef = 07BE4BF92DA4689B00E2748F /* FirebaseStorage */; };
		07BE4BFC2DA4689B00E2748F /* FirebaseVertexAI in Frameworks */ = {isa = PBXBuildFile; productRef = 07BE4BFB2DA4689B00E2748F /* FirebaseVertexAI */; };
		07C0E3EF2D8C467F00B2D6FA /* SwiftUITrackableScrollView in Frameworks */ = {isa = PBXBuildFile; productRef = 07C0E3EE2D8C467F00B2D6FA /* SwiftUITrackableScrollView */; };
/* End PBXBuildFile section */

/* Begin PBXFileReference section */
		07EBA5682D7D7DC000C76E40 /* SweatItSwiftUI.app */ = {isa = PBXFileReference; explicitFileType = wrapper.application; includeInIndex = 0; path = SweatItSwiftUI.app; sourceTree = BUILT_PRODUCTS_DIR; };
/* End PBXFileReference section */

/* Begin PBXFileSystemSynchronizedBuildFileExceptionSet section */
		07EBA6252D7D803F00C76E40 /* Exceptions for "SweatItSwiftUI" folder in "SweatItSwiftUI" target */ = {
			isa = PBXFileSystemSynchronizedBuildFileExceptionSet;
			membershipExceptions = (
				Info.plist,
			);
			target = 07EBA5672D7D7DC000C76E40 /* SweatItSwiftUI */;
		};
/* End PBXFileSystemSynchronizedBuildFileExceptionSet section */

/* Begin PBXFileSystemSynchronizedRootGroup section */
		07EBA56A2D7D7DC000C76E40 /* SweatItSwiftUI */ = {
			isa = PBXFileSystemSynchronizedRootGroup;
			exceptions = (
				07EBA6252D7D803F00C76E40 /* Exceptions for "SweatItSwiftUI" folder in "SweatItSwiftUI" target */,
			);
			path = SweatItSwiftUI;
			sourceTree = "<group>";
		};
/* End PBXFileSystemSynchronizedRootGroup section */

/* Begin PBXFrameworksBuildPhase section */
		07EBA5652D7D7DC000C76E40 /* Frameworks */ = {
			isa = PBXFrameworksBuildPhase;
			buildActionMask = 2147483647;
			files = (
				07BE4BF62DA4689B00E2748F /* FirebaseDatabase in Frameworks */,
				07BE4BFC2DA4689B00E2748F /* FirebaseVertexAI in Frameworks */,
				07C0E3EF2D8C467F00B2D6FA /* SwiftUITrackableScrollView in Frameworks */,
				07AA9C982D93F14900E05A2B /* GoogleGenerativeAI in Frameworks */,
				07BE4BF22DA4689B00E2748F /* FirebaseAnalytics in Frameworks */,
				07BE4BFA2DA4689B00E2748F /* FirebaseStorage in Frameworks */,
				07BE4BF42DA4689B00E2748F /* FirebaseAuth in Frameworks */,
				07BE4BF82DA4689B00E2748F /* FirebaseFirestore in Frameworks */,
			);
			runOnlyForDeploymentPostprocessing = 0;
		};
/* End PBXFrameworksBuildPhase section */

/* Begin PBXGroup section */
		07EBA55F2D7D7DC000C76E40 = {
			isa = PBXGroup;
			children = (
				07EBA56A2D7D7DC000C76E40 /* SweatItSwiftUI */,
				07EBA5692D7D7DC000C76E40 /* Products */,
			);
			sourceTree = "<group>";
		};
		07EBA5692D7D7DC000C76E40 /* Products */ = {
			isa = PBXGroup;
			children = (
				07EBA5682D7D7DC000C76E40 /* SweatItSwiftUI.app */,
			);
			name = Products;
			sourceTree = "<group>";
		};
/* End PBXGroup section */

/* Begin PBXNativeTarget section */
		07EBA5672D7D7DC000C76E40 /* SweatItSwiftUI */ = {
			isa = PBXNativeTarget;
			buildConfigurationList = 07EBA5782D7D7DC100C76E40 /* Build configuration list for PBXNativeTarget "SweatItSwiftUI" */;
			buildPhases = (
				07EBA5642D7D7DC000C76E40 /* Sources */,
				07EBA5652D7D7DC000C76E40 /* Frameworks */,
				07EBA5662D7D7DC000C76E40 /* Resources */,
			);
			buildRules = (
			);
			dependencies = (
			);
			fileSystemSynchronizedGroups = (
				07EBA56A2D7D7DC000C76E40 /* SweatItSwiftUI */,
			);
			name = SweatItSwiftUI;
			packageProductDependencies = (
				07C0E3EE2D8C467F00B2D6FA /* SwiftUITrackableScrollView */,
				07AA9C972D93F14900E05A2B /* GoogleGenerativeAI */,
				07BE4BF12DA4689B00E2748F /* FirebaseAnalytics */,
				07BE4BF32DA4689B00E2748F /* FirebaseAuth */,
				07BE4BF52DA4689B00E2748F /* FirebaseDatabase */,
				07BE4BF72DA4689B00E2748F /* FirebaseFirestore */,
				07BE4BF92DA4689B00E2748F /* FirebaseStorage */,
				07BE4BFB2DA4689B00E2748F /* FirebaseVertexAI */,
			);
			productName = SweatItSwiftUI;
			productReference = 07EBA5682D7D7DC000C76E40 /* SweatItSwiftUI.app */;
			productType = "com.apple.product-type.application";
		};
/* End PBXNativeTarget section */

/* Begin PBXProject section */
		07EBA5602D7D7DC000C76E40 /* Project object */ = {
			isa = PBXProject;
			attributes = {
				BuildIndependentTargetsInParallel = 1;
				LastSwiftUpdateCheck = 1620;
				LastUpgradeCheck = 1620;
				TargetAttributes = {
					07EBA5672D7D7DC000C76E40 = {
						CreatedOnToolsVersion = 16.2;
					};
				};
			};
			buildConfigurationList = 07EBA5632D7D7DC000C76E40 /* Build configuration list for PBXProject "SweatItSwiftUI" */;
			developmentRegion = en;
			hasScannedForEncodings = 0;
			knownRegions = (
				en,
				Base,
			);
			mainGroup = 07EBA55F2D7D7DC000C76E40;
			minimizedProjectReferenceProxies = 1;
			packageReferences = (
				07C0E3ED2D8C467F00B2D6FA /* XCRemoteSwiftPackageReference "trackable-scroll-view" */,
				07AA9C962D93F14900E05A2B /* XCRemoteSwiftPackageReference "generative-ai-swift" */,
				07BE4BF02DA4689B00E2748F /* XCRemoteSwiftPackageReference "firebase-ios-sdk" */,
			);
			preferredProjectObjectVersion = 77;
			productRefGroup = 07EBA5692D7D7DC000C76E40 /* Products */;
			projectDirPath = "";
			projectRoot = "";
			targets = (
				07EBA5672D7D7DC000C76E40 /* SweatItSwiftUI */,
			);
		};
/* End PBXProject section */

/* Begin PBXResourcesBuildPhase section */
		07EBA5662D7D7DC000C76E40 /* Resources */ = {
			isa = PBXResourcesBuildPhase;
			buildActionMask = 2147483647;
			files = (
			);
			runOnlyForDeploymentPostprocessing = 0;
		};
/* End PBXResourcesBuildPhase section */

/* Begin PBXSourcesBuildPhase section */
		07EBA5642D7D7DC000C76E40 /* Sources */ = {
			isa = PBXSourcesBuildPhase;
			buildActionMask = 2147483647;
			files = (
			);
			runOnlyForDeploymentPostprocessing = 0;
		};
/* End PBXSourcesBuildPhase section */

/* Begin XCBuildConfiguration section */
		07EBA5762D7D7DC100C76E40 /* Debug */ = {
			isa = XCBuildConfiguration;
			buildSettings = {
				ALWAYS_SEARCH_USER_PATHS = NO;
				ASSETCATALOG_COMPILER_GENERATE_SWIFT_ASSET_SYMBOL_EXTENSIONS = YES;
				CLANG_ANALYZER_NONNULL = YES;
				CLANG_ANALYZER_NUMBER_OBJECT_CONVERSION = YES_AGGRESSIVE;
				CLANG_CXX_LANGUAGE_STANDARD = "gnu++20";
				CLANG_ENABLE_MODULES = YES;
				CLANG_ENABLE_OBJC_ARC = YES;
				CLANG_ENABLE_OBJC_WEAK = YES;
				CLANG_WARN_BLOCK_CAPTURE_AUTORELEASING = YES;
				CLANG_WARN_BOOL_CONVERSION = YES;
				CLANG_WARN_COMMA = YES;
				CLANG_WARN_CONSTANT_CONVERSION = YES;
				CLANG_WARN_DEPRECATED_OBJC_IMPLEMENTATIONS = YES;
				CLANG_WARN_DIRECT_OBJC_ISA_USAGE = YES_ERROR;
				CLANG_WARN_DOCUMENTATION_COMMENTS = YES;
				CLANG_WARN_EMPTY_BODY = YES;
				CLANG_WARN_ENUM_CONVERSION = YES;
				CLANG_WARN_INFINITE_RECURSION = YES;
				CLANG_WARN_INT_CONVERSION = YES;
				CLANG_WARN_NON_LITERAL_NULL_CONVERSION = YES;
				CLANG_WARN_OBJC_IMPLICIT_RETAIN_SELF = YES;
				CLANG_WARN_OBJC_LITERAL_CONVERSION = YES;
				CLANG_WARN_OBJC_ROOT_CLASS = YES_ERROR;
				CLANG_WARN_QUOTED_INCLUDE_IN_FRAMEWORK_HEADER = YES;
				CLANG_WARN_RANGE_LOOP_ANALYSIS = YES;
				CLANG_WARN_STRICT_PROTOTYPES = YES;
				CLANG_WARN_SUSPICIOUS_MOVE = YES;
				CLANG_WARN_UNGUARDED_AVAILABILITY = YES_AGGRESSIVE;
				CLANG_WARN_UNREACHABLE_CODE = YES;
				CLANG_WARN__DUPLICATE_METHOD_MATCH = YES;
				COPY_PHASE_STRIP = NO;
				DEBUG_INFORMATION_FORMAT = dwarf;
				ENABLE_STRICT_OBJC_MSGSEND = YES;
				ENABLE_TESTABILITY = YES;
				ENABLE_USER_SCRIPT_SANDBOXING = YES;
				GCC_C_LANGUAGE_STANDARD = gnu17;
				GCC_DYNAMIC_NO_PIC = NO;
				GCC_NO_COMMON_BLOCKS = YES;
				GCC_OPTIMIZATION_LEVEL = 0;
				GCC_PREPROCESSOR_DEFINITIONS = (
					"DEBUG=1",
					"$(inherited)",
				);
				GCC_WARN_64_TO_32_BIT_CONVERSION = YES;
				GCC_WARN_ABOUT_RETURN_TYPE = YES_ERROR;
				GCC_WARN_UNDECLARED_SELECTOR = YES;
				GCC_WARN_UNINITIALIZED_AUTOS = YES_AGGRESSIVE;
				GCC_WARN_UNUSED_FUNCTION = YES;
				GCC_WARN_UNUSED_VARIABLE = YES;
				IPHONEOS_DEPLOYMENT_TARGET = 18.2;
				LOCALIZATION_PREFERS_STRING_CATALOGS = YES;
				MTL_ENABLE_DEBUG_INFO = INCLUDE_SOURCE;
				MTL_FAST_MATH = YES;
				ONLY_ACTIVE_ARCH = YES;
				SDKROOT = iphoneos;
				SWIFT_ACTIVE_COMPILATION_CONDITIONS = "DEBUG $(inherited)";
				SWIFT_OPTIMIZATION_LEVEL = "-Onone";
			};
			name = Debug;
		};
		07EBA5772D7D7DC100C76E40 /* Release */ = {
			isa = XCBuildConfiguration;
			buildSettings = {
				ALWAYS_SEARCH_USER_PATHS = NO;
				ASSETCATALOG_COMPILER_GENERATE_SWIFT_ASSET_SYMBOL_EXTENSIONS = YES;
				CLANG_ANALYZER_NONNULL = YES;
				CLANG_ANALYZER_NUMBER_OBJECT_CONVERSION = YES_AGGRESSIVE;
				CLANG_CXX_LANGUAGE_STANDARD = "gnu++20";
				CLANG_ENABLE_MODULES = YES;
				CLANG_ENABLE_OBJC_ARC = YES;
				CLANG_ENABLE_OBJC_WEAK = YES;
				CLANG_WARN_BLOCK_CAPTURE_AUTORELEASING = YES;
				CLANG_WARN_BOOL_CONVERSION = YES;
				CLANG_WARN_COMMA = YES;
				CLANG_WARN_CONSTANT_CONVERSION = YES;
				CLANG_WARN_DEPRECATED_OBJC_IMPLEMENTATIONS = YES;
				CLANG_WARN_DIRECT_OBJC_ISA_USAGE = YES_ERROR;
				CLANG_WARN_DOCUMENTATION_COMMENTS = YES;
				CLANG_WARN_EMPTY_BODY = YES;
				CLANG_WARN_ENUM_CONVERSION = YES;
				CLANG_WARN_INFINITE_RECURSION = YES;
				CLANG_WARN_INT_CONVERSION = YES;
				CLANG_WARN_NON_LITERAL_NULL_CONVERSION = YES;
				CLANG_WARN_OBJC_IMPLICIT_RETAIN_SELF = YES;
				CLANG_WARN_OBJC_LITERAL_CONVERSION = YES;
				CLANG_WARN_OBJC_ROOT_CLASS = YES_ERROR;
				CLANG_WARN_QUOTED_INCLUDE_IN_FRAMEWORK_HEADER = YES;
				CLANG_WARN_RANGE_LOOP_ANALYSIS = YES;
				CLANG_WARN_STRICT_PROTOTYPES = YES;
				CLANG_WARN_SUSPICIOUS_MOVE = YES;
				CLANG_WARN_UNGUARDED_AVAILABILITY = YES_AGGRESSIVE;
				CLANG_WARN_UNREACHABLE_CODE = YES;
				CLANG_WARN__DUPLICATE_METHOD_MATCH = YES;
				COPY_PHASE_STRIP = NO;
				DEBUG_INFORMATION_FORMAT = "dwarf-with-dsym";
				ENABLE_NS_ASSERTIONS = NO;
				ENABLE_STRICT_OBJC_MSGSEND = YES;
				ENABLE_USER_SCRIPT_SANDBOXING = YES;
				GCC_C_LANGUAGE_STANDARD = gnu17;
				GCC_NO_COMMON_BLOCKS = YES;
				GCC_WARN_64_TO_32_BIT_CONVERSION = YES;
				GCC_WARN_ABOUT_RETURN_TYPE = YES_ERROR;
				GCC_WARN_UNDECLARED_SELECTOR = YES;
				GCC_WARN_UNINITIALIZED_AUTOS = YES_AGGRESSIVE;
				GCC_WARN_UNUSED_FUNCTION = YES;
				GCC_WARN_UNUSED_VARIABLE = YES;
				IPHONEOS_DEPLOYMENT_TARGET = 18.2;
				LOCALIZATION_PREFERS_STRING_CATALOGS = YES;
				MTL_ENABLE_DEBUG_INFO = NO;
				MTL_FAST_MATH = YES;
				SDKROOT = iphoneos;
				SWIFT_COMPILATION_MODE = wholemodule;
				VALIDATE_PRODUCT = YES;
			};
			name = Release;
		};
		07EBA5792D7D7DC100C76E40 /* Debug */ = {
			isa = XCBuildConfiguration;
			buildSettings = {
				ASSETCATALOG_COMPILER_APPICON_NAME = AppIcon;
				ASSETCATALOG_COMPILER_GLOBAL_ACCENT_COLOR_NAME = AccentColor;
				CODE_SIGN_ENTITLEMENTS = SweatItSwiftUI/SweatItSwiftUI.entitlements;
				CODE_SIGN_STYLE = Automatic;
				CURRENT_PROJECT_VERSION = 1;
				DEVELOPMENT_ASSET_PATHS = "\"SweatItSwiftUI/Preview Content\"";
				DEVELOPMENT_TEAM = 6PR68D3CTA;
				ENABLE_PREVIEWS = YES;
				GENERATE_INFOPLIST_FILE = YES;
				INFOPLIST_FILE = SweatItSwiftUI/Info.plist;
				INFOPLIST_KEY_CFBundleDisplayName = "";
				INFOPLIST_KEY_LSApplicationCategoryType = "";
				INFOPLIST_KEY_NSCameraUsageDescription = "We need access to take photos.";
				INFOPLIST_KEY_NSHealthShareUsageDescription = "Please allow access to enjoy certain features of application.";
				INFOPLIST_KEY_NSMotionUsageDescription = "We need access to your motion data to track steps.";
				INFOPLIST_KEY_NSPhotoLibraryUsageDescription = "We need access to select food photos.";
				INFOPLIST_KEY_UIApplicationSceneManifest_Generation = YES;
				INFOPLIST_KEY_UIApplicationSupportsIndirectInputEvents = YES;
				INFOPLIST_KEY_UILaunchScreen_Generation = YES;
				INFOPLIST_KEY_UISupportedInterfaceOrientations_iPad = "UIInterfaceOrientationPortrait UIInterfaceOrientationPortraitUpsideDown UIInterfaceOrientationLandscapeLeft UIInterfaceOrientationLandscapeRight";
				INFOPLIST_KEY_UISupportedInterfaceOrientations_iPhone = NO;
				IPHONEOS_DEPLOYMENT_TARGET = 18.0;
				LD_RUNPATH_SEARCH_PATHS = (
					"$(inherited)",
					"@executable_path/Frameworks",
				);
				MARKETING_VERSION = 1.0;
				PRODUCT_BUNDLE_IDENTIFIER = swiftui.sweatit.application;
				PRODUCT_NAME = "$(TARGET_NAME)";
				SWIFT_EMIT_LOC_STRINGS = YES;
				SWIFT_VERSION = 5.0;
				TARGETED_DEVICE_FAMILY = "1,2";
			};
			name = Debug;
		};
		07EBA57A2D7D7DC100C76E40 /* Release */ = {
			isa = XCBuildConfiguration;
			buildSettings = {
				ASSETCATALOG_COMPILER_APPICON_NAME = AppIcon;
				ASSETCATALOG_COMPILER_GLOBAL_ACCENT_COLOR_NAME = AccentColor;
				CODE_SIGN_ENTITLEMENTS = SweatItSwiftUI/SweatItSwiftUI.entitlements;
				CODE_SIGN_STYLE = Automatic;
				CURRENT_PROJECT_VERSION = 1;
				DEVELOPMENT_ASSET_PATHS = "\"SweatItSwiftUI/Preview Content\"";
				DEVELOPMENT_TEAM = 6PR68D3CTA;
				ENABLE_PREVIEWS = YES;
				GENERATE_INFOPLIST_FILE = YES;
				INFOPLIST_FILE = SweatItSwiftUI/Info.plist;
				INFOPLIST_KEY_CFBundleDisplayName = "";
				INFOPLIST_KEY_LSApplicationCategoryType = "";
				INFOPLIST_KEY_NSCameraUsageDescription = "We need access to take photos.";
				INFOPLIST_KEY_NSHealthShareUsageDescription = "Please allow access to enjoy certain features of application.";
				INFOPLIST_KEY_NSMotionUsageDescription = "We need access to your motion data to track steps.";
				INFOPLIST_KEY_NSPhotoLibraryUsageDescription = "We need access to select food photos.";
				INFOPLIST_KEY_UIApplicationSceneManifest_Generation = YES;
				INFOPLIST_KEY_UIApplicationSupportsIndirectInputEvents = YES;
				INFOPLIST_KEY_UILaunchScreen_Generation = YES;
				INFOPLIST_KEY_UISupportedInterfaceOrientations_iPad = "UIInterfaceOrientationPortrait UIInterfaceOrientationPortraitUpsideDown UIInterfaceOrientationLandscapeLeft UIInterfaceOrientationLandscapeRight";
				INFOPLIST_KEY_UISupportedInterfaceOrientations_iPhone = NO;
				IPHONEOS_DEPLOYMENT_TARGET = 18.0;
				LD_RUNPATH_SEARCH_PATHS = (
					"$(inherited)",
					"@executable_path/Frameworks",
				);
				MARKETING_VERSION = 1.0;
				PRODUCT_BUNDLE_IDENTIFIER = swiftui.sweatit.application;
				PRODUCT_NAME = "$(TARGET_NAME)";
				SWIFT_EMIT_LOC_STRINGS = YES;
				SWIFT_VERSION = 5.0;
				TARGETED_DEVICE_FAMILY = "1,2";
			};
			name = Release;
		};
/* End XCBuildConfiguration section */

/* Begin XCConfigurationList section */
		07EBA5632D7D7DC000C76E40 /* Build configuration list for PBXProject "SweatItSwiftUI" */ = {
			isa = XCConfigurationList;
			buildConfigurations = (
				07EBA5762D7D7DC100C76E40 /* Debug */,
				07EBA5772D7D7DC100C76E40 /* Release */,
			);
			defaultConfigurationIsVisible = 0;
			defaultConfigurationName = Release;
		};
		07EBA5782D7D7DC100C76E40 /* Build configuration list for PBXNativeTarget "SweatItSwiftUI" */ = {
			isa = XCConfigurationList;
			buildConfigurations = (
				07EBA5792D7D7DC100C76E40 /* Debug */,
				07EBA57A2D7D7DC100C76E40 /* Release */,
			);
			defaultConfigurationIsVisible = 0;
			defaultConfigurationName = Release;
		};
/* End XCConfigurationList section */

/* Begin XCRemoteSwiftPackageReference section */
		07AA9C962D93F14900E05A2B /* XCRemoteSwiftPackageReference "generative-ai-swift" */ = {
			isa = XCRemoteSwiftPackageReference;
			repositoryURL = "https://github.com/google/generative-ai-swift";
			requirement = {
				kind = upToNextMajorVersion;
				minimumVersion = 0.5.6;
			};
		};
		07BE4BF02DA4689B00E2748F /* XCRemoteSwiftPackageReference "firebase-ios-sdk" */ = {
			isa = XCRemoteSwiftPackageReference;
			repositoryURL = "https://github.com/firebase/firebase-ios-sdk";
			requirement = {
				kind = upToNextMajorVersion;
				minimumVersion = 11.11.0;
			};
		};
		07C0E3ED2D8C467F00B2D6FA /* XCRemoteSwiftPackageReference "trackable-scroll-view" */ = {
			isa = XCRemoteSwiftPackageReference;
			repositoryURL = "https://github.com/maxnatchanon/trackable-scroll-view";
			requirement = {
				branch = master;
				kind = branch;
			};
		};
/* End XCRemoteSwiftPackageReference section */

/* Begin XCSwiftPackageProductDependency section */
		07AA9C972D93F14900E05A2B /* GoogleGenerativeAI */ = {
			isa = XCSwiftPackageProductDependency;
			package = 07AA9C962D93F14900E05A2B /* XCRemoteSwiftPackageReference "generative-ai-swift" */;
			productName = GoogleGenerativeAI;
		};
		07BE4BF12DA4689B00E2748F /* FirebaseAnalytics */ = {
			isa = XCSwiftPackageProductDependency;
			package = 07BE4BF02DA4689B00E2748F /* XCRemoteSwiftPackageReference "firebase-ios-sdk" */;
			productName = FirebaseAnalytics;
		};
		07BE4BF32DA4689B00E2748F /* FirebaseAuth */ = {
			isa = XCSwiftPackageProductDependency;
			package = 07BE4BF02DA4689B00E2748F /* XCRemoteSwiftPackageReference "firebase-ios-sdk" */;
			productName = FirebaseAuth;
		};
		07BE4BF52DA4689B00E2748F /* FirebaseDatabase */ = {
			isa = XCSwiftPackageProductDependency;
			package = 07BE4BF02DA4689B00E2748F /* XCRemoteSwiftPackageReference "firebase-ios-sdk" */;
			productName = FirebaseDatabase;
		};
		07BE4BF72DA4689B00E2748F /* FirebaseFirestore */ = {
			isa = XCSwiftPackageProductDependency;
			package = 07BE4BF02DA4689B00E2748F /* XCRemoteSwiftPackageReference "firebase-ios-sdk" */;
			productName = FirebaseFirestore;
		};
		07BE4BF92DA4689B00E2748F /* FirebaseStorage */ = {
			isa = XCSwiftPackageProductDependency;
			package = 07BE4BF02DA4689B00E2748F /* XCRemoteSwiftPackageReference "firebase-ios-sdk" */;
			productName = FirebaseStorage;
		};
		07BE4BFB2DA4689B00E2748F /* FirebaseVertexAI */ = {
			isa = XCSwiftPackageProductDependency;
			package = 07BE4BF02DA4689B00E2748F /* XCRemoteSwiftPackageReference "firebase-ios-sdk" */;
			productName = FirebaseVertexAI;
		};
		07C0E3EE2D8C467F00B2D6FA /* SwiftUITrackableScrollView */ = {
			isa = XCSwiftPackageProductDependency;
			package = 07C0E3ED2D8C467F00B2D6FA /* XCRemoteSwiftPackageReference "trackable-scroll-view" */;
			productName = SwiftUITrackableScrollView;
		};
/* End XCSwiftPackageProductDependency section */
	};
	rootObject = 07EBA5602D7D7DC000C76E40 /* Project object */;
}
